// !$*UTF8*$!
{
	archiveVersion = 1;
	classes = {
	};
	objectVersion = 46;
	objects = {

/* Begin PBXBuildFile section */
		370870F91CC558CB00C35454 /* AppDelegate.swift in Sources */ = {isa = PBXBuildFile; fileRef = 370870F81CC558CB00C35454 /* AppDelegate.swift */; };
		370870FB1CC558CB00C35454 /* ViewController.swift in Sources */ = {isa = PBXBuildFile; fileRef = 370870FA1CC558CB00C35454 /* ViewController.swift */; };
		370870FE1CC558CB00C35454 /* Main.storyboard in Resources */ = {isa = PBXBuildFile; fileRef = 370870FC1CC558CB00C35454 /* Main.storyboard */; };
		370871001CC558CB00C35454 /* Assets.xcassets in Resources */ = {isa = PBXBuildFile; fileRef = 370870FF1CC558CB00C35454 /* Assets.xcassets */; };
		370871031CC558CB00C35454 /* LaunchScreen.storyboard in Resources */ = {isa = PBXBuildFile; fileRef = 370871011CC558CB00C35454 /* LaunchScreen.storyboard */; };
		3708710B1CC6D1C300C35454 /* CoreLocation.framework in Frameworks */ = {isa = PBXBuildFile; fileRef = 3708710A1CC6D1C300C35454 /* CoreLocation.framework */; };
/* End PBXBuildFile section */

/* Begin PBXFileReference section */
		370870F51CC558CB00C35454 /* Maps Project.app */ = {isa = PBXFileReference; explicitFileType = wrapper.application; includeInIndex = 0; path = "Maps Project.app"; sourceTree = BUILT_PRODUCTS_DIR; };
		370870F81CC558CB00C35454 /* AppDelegate.swift */ = {isa = PBXFileReference; lastKnownFileType = sourcecode.swift; path = AppDelegate.swift; sourceTree = "<group>"; };
		370870FA1CC558CB00C35454 /* ViewController.swift */ = {isa = PBXFileReference; lastKnownFileType = sourcecode.swift; path = ViewController.swift; sourceTree = "<group>"; };
		370870FD1CC558CB00C35454 /* Base */ = {isa = PBXFileReference; lastKnownFileType = file.storyboard; name = Base; path = Base.lproj/Main.storyboard; sourceTree = "<group>"; };
		370870FF1CC558CB00C35454 /* Assets.xcassets */ = {isa = PBXFileReference; lastKnownFileType = folder.assetcatalog; path = Assets.xcassets; sourceTree = "<group>"; };
		370871021CC558CB00C35454 /* Base */ = {isa = PBXFileReference; lastKnownFileType = file.storyboard; name = Base; path = Base.lproj/LaunchScreen.storyboard; sourceTree = "<group>"; };
		370871041CC558CB00C35454 /* Info.plist */ = {isa = PBXFileReference; lastKnownFileType = text.plist.xml; path = Info.plist; sourceTree = "<group>"; };
		3708710A1CC6D1C300C35454 /* CoreLocation.framework */ = {isa = PBXFileReference; lastKnownFileType = wrapper.framework; name = CoreLocation.framework; path = System/Library/Frameworks/CoreLocation.framework; sourceTree = SDKROOT; };
/* End PBXFileReference section */

/* Begin PBXFrameworksBuildPhase section */
		370870F21CC558CB00C35454 /* Frameworks */ = {
			isa = PBXFrameworksBuildPhase;
			buildActionMask = 2147483647;
			files = (
				3708710B1CC6D1C300C35454 /* CoreLocation.framework in Frameworks */,
			);
			runOnlyForDeploymentPostprocessing = 0;
		};
/* End PBXFrameworksBuildPhase section */

/* Begin PBXGroup section */
		370870EC1CC558CB00C35454 = {
			isa = PBXGroup;
			children = (
				3708710A1CC6D1C300C35454 /* CoreLocation.framework */,
				370870F71CC558CB00C35454 /* Maps Project */,
				370870F61CC558CB00C35454 /* Products */,
			);
			sourceTree = "<group>";
		};
		370870F61CC558CB00C35454 /* Products */ = {
			isa = PBXGroup;
			children = (
				370870F51CC558CB00C35454 /* Maps Project.app */,
			);
			name = Products;
			sourceTree = "<group>";
		};
		370870F71CC558CB00C35454 /* Maps Project */ = {
			isa = PBXGroup;
			children = (
				370870F81CC558CB00C35454 /* AppDelegate.swift */,
				370870FA1CC558CB00C35454 /* ViewController.swift */,
				370870FC1CC558CB00C35454 /* Main.storyboard */,
				370870FF1CC558CB00C35454 /* Assets.xcassets */,
				370871011CC558CB00C35454 /* LaunchScreen.storyboard */,
				370871041CC558CB00C35454 /* Info.plist */,
			);
			path = "Maps Project";
			sourceTree = "<group>";
		};
/* End PBXGroup section */

/* Begin PBXNativeTarget section */
		370870F41CC558CB00C35454 /* Maps Project */ = {
			isa = PBXNativeTarget;
			buildConfigurationList = 370871071CC558CB00C35454 /* Build configuration list for PBXNativeTarget "Maps Project" */;
			buildPhases = (
				370870F11CC558CB00C35454 /* Sources */,
				370870F21CC558CB00C35454 /* Frameworks */,
				370870F31CC558CB00C35454 /* Resources */,
			);
			buildRules = (
			);
			dependencies = (
			);
			name = "Maps Project";
			productName = "Maps Project";
			productReference = 370870F51CC558CB00C35454 /* Maps Project.app */;
			productType = "com.apple.product-type.application";
		};
/* End PBXNativeTarget section */

/* Begin PBXProject section */
		370870ED1CC558CB00C35454 /* Project object */ = {
			isa = PBXProject;
			attributes = {
				LastSwiftUpdateCheck = 0730;
				LastUpgradeCheck = 0730;
				ORGANIZATIONNAME = varyag00;
				TargetAttributes = {
					370870F41CC558CB00C35454 = {
						CreatedOnToolsVersion = 7.3;
					};
				};
			};
			buildConfigurationList = 370870F01CC558CB00C35454 /* Build configuration list for PBXProject "Maps Project" */;
			compatibilityVersion = "Xcode 3.2";
			developmentRegion = English;
			hasScannedForEncodings = 0;
			knownRegions = (
				en,
				Base,
			);
			mainGroup = 370870EC1CC558CB00C35454;
			productRefGroup = 370870F61CC558CB00C35454 /* Products */;
			projectDirPath = "";
			projectRoot = "";
			targets = (
				370870F41CC558CB00C35454 /* Maps Project */,
			);
		};
/* End PBXProject section */

/* Begin PBXResourcesBuildPhase section */
		370870F31CC558CB00C35454 /* Resources */ = {
			isa = PBXResourcesBuildPhase;
			buildActionMask = 2147483647;
			files = (
				370871031CC558CB00C35454 /* LaunchScreen.storyboard in Resources */,
				370871001CC558CB00C35454 /* Assets.xcassets in Resources */,
				370870FE1CC558CB00C35454 /* Main.storyboard in Resources */,
			);
			runOnlyForDeploymentPostprocessing = 0;
		};
/* End PBXResourcesBuildPhase section */

/* Begin PBXSourcesBuildPhase section */
		370870F11CC558CB00C35454 /* Sources */ = {
			isa = PBXSourcesBuildPhase;
			buildActionMask = 2147483647;
			files = (
				370870FB1CC558CB00C35454 /* ViewController.swift in Sources */,
				370870F91CC558CB00C35454 /* AppDelegate.swift in Sources */,
			);
			runOnlyForDeploymentPostprocessing = 0;
		};
/* End PBXSourcesBuildPhase section */

/* Begin PBXVariantGroup section */
		370870FC1CC558CB00C35454 /* Main.storyboard */ = {
			isa = PBXVariantGroup;
			children = (
				370870FD1CC558CB00C35454 /* Base */,
			);
			name = Main.storyboard;
			sourceTree = "<group>";
		};
		370871011CC558CB00C35454 /* LaunchScreen.storyboard */ = {
			isa = PBXVariantGroup;
			children = (
				370871021CC558CB00C35454 /* Base */,
			);
			name = LaunchScreen.storyboard;
			sourceTree = "<group>";
		};
/* End PBXVariantGroup section */

/* Begin XCBuildConfiguration section */
		370871051CC558CB00C35454 /* Debug */ = {
			isa = XCBuildConfiguration;
			buildSettings = {
				ALWAYS_SEARCH_USER_PATHS = NO;
				CLANG_ANALYZER_NONNULL = YES;
				CLANG_CXX_LANGUAGE_STANDARD = "gnu++0x";
				CLANG_CXX_LIBRARY = "libc++";
				CLANG_ENABLE_MODULES = YES;
				CLANG_ENABLE_OBJC_ARC = YES;
				CLANG_WARN_BOOL_CONVERSION = YES;
				CLANG_WARN_CONSTANT_CONVERSION = YES;
				CLANG_WARN_DIRECT_OBJC_ISA_USAGE = YES_ERROR;
				CLANG_WARN_EMPTY_BODY = YES;
				CLANG_WARN_ENUM_CONVERSION = YES;
				CLANG_WARN_INT_CONVERSION = YES;
				CLANG_WARN_OBJC_ROOT_CLASS = YES_ERROR;
				CLANG_WARN_UNREACHABLE_CODE = YES;
				CLANG_WARN__DUPLICATE_METHOD_MATCH = YES;
				"CODE_SIGN_IDENTITY[sdk=iphoneos*]" = "iPhone Developer";
				COPY_PHASE_STRIP = NO;
				DEBUG_INFORMATION_FORMAT = dwarf;
				ENABLE_STRICT_OBJC_MSGSEND = YES;
				ENABLE_TESTABILITY = YES;
				GCC_C_LANGUAGE_STANDARD = gnu99;
				GCC_DYNAMIC_NO_PIC = NO;
				GCC_NO_COMMON_BLOCKS = YES;
				GCC_OPTIMIZATION_LEVEL = 0;
				GCC_PREPROCESSOR_DEFINITIONS = (
					"DEBUG=1",
					"$(inherited)",
				);
				GCC_WARN_64_TO_32_BIT_CONVERSION = YES;
				GCC_WARN_ABOUT_RETURN_TYPE = YES_ERROR;
				GCC_WARN_UNDECLARED_SELECTOR = YES;
				GCC_WARN_UNINITIALIZED_AUTOS = YES_AGGRESSIVE;
				GCC_WARN_UNUSED_FUNCTION = YES;
				GCC_WARN_UNUSED_VARIABLE = YES;
				IPHONEOS_DEPLOYMENT_TARGET = 9.3;
				MTL_ENABLE_DEBUG_INFO = YES;
				ONLY_ACTIVE_ARCH = YES;
				SDKROOT = iphoneos;
				SWIFT_OPTIMIZATION_LEVEL = "-Onone";
			};
			name = Debug;
		};
		370871061CC558CB00C35454 /* Release */ = {
			isa = XCBuildConfiguration;
			buildSettings = {
				ALWAYS_SEARCH_USER_PATHS = NO;
				CLANG_ANALYZER_NONNULL = YES;
				CLANG_CXX_LANGUAGE_STANDARD = "gnu++0x";
				CLANG_CXX_LIBRARY = "libc++";
				CLANG_ENABLE_MODULES = YES;
				CLANG_ENABLE_OBJC_ARC = YES;
				CLANG_WARN_BOOL_CONVERSION = YES;
				CLANG_WARN_CONSTANT_CONVERSION = YES;
				CLANG_WARN_DIRECT_OBJC_ISA_USAGE = YES_ERROR;
				CLANG_WARN_EMPTY_BODY = YES;
				CLANG_WARN_ENUM_CONVERSION = YES;
				CLANG_WARN_INT_CONVERSION = YES;
				CLANG_WARN_OBJC_ROOT_CLASS = YES_ERROR;
				CLANG_WARN_UNREACHABLE_CODE = YES;
				CLANG_WARN__DUPLICATE_METHOD_MATCH = YES;
				"CODE_SIGN_IDENTITY[sdk=iphoneos*]" = "iPhone Developer";
				COPY_PHASE_STRIP = NO;
				DEBUG_INFORMATION_FORMAT = "dwarf-with-dsym";
				ENABLE_NS_ASSERTIONS = NO;
				ENABLE_STRICT_OBJC_MSGSEND = YES;
				GCC_C_LANGUAGE_STANDARD = gnu99;
				GCC_NO_COMMON_BLOCKS = YES;
				GCC_WARN_64_TO_32_BIT_CONVERSION = YES;
				GCC_WARN_ABOUT_RETURN_TYPE = YES_ERROR;
				GCC_WARN_UNDECLARED_SELECTOR = YES;
				GCC_WARN_UNINITIALIZED_AUTOS = YES_AGGRESSIVE;
				GCC_WARN_UNUSED_FUNCTION = YES;
				GCC_WARN_UNUSED_VARIABLE = YES;
				IPHONEOS_DEPLOYMENT_TARGET = 9.3;
				MTL_ENABLE_DEBUG_INFO = NO;
				SDKROOT = iphoneos;
				VALIDATE_PRODUCT = YES;
			};
			name = Release;
		};
		370871081CC558CB00C35454 /* Debug */ = {
			isa = XCBuildConfiguration;
			buildSettings = {
				ASSETCATALOG_COMPILER_APPICON_NAME = AppIcon;
				INFOPLIST_FILE = "Maps Project/Info.plist";
				LD_RUNPATH_SEARCH_PATHS = "$(inherited) @executable_path/Frameworks";
				PRODUCT_BUNDLE_IDENTIFIER = "com.varyag00.Maps-Project";
				PRODUCT_NAME = "$(TARGET_NAME)";
			};
			name = Debug;
		};
		370871091CC558CB00C35454 /* Release */ = {
			isa = XCBuildConfiguration;
			buildSettings = {
				ASSETCATALOG_COMPILER_APPICON_NAME = AppIcon;
				INFOPLIST_FILE = "Maps Project/Info.plist";
				LD_RUNPATH_SEARCH_PATHS = "$(inherited) @executable_path/Frameworks";
				PRODUCT_BUNDLE_IDENTIFIER = "com.varyag00.Maps-Project";
				PRODUCT_NAME = "$(TARGET_NAME)";
			};
			name = Release;
		};
/* End XCBuildConfiguration section */

/* Begin XCConfigurationList section */
		370870F01CC558CB00C35454 /* Build configuration list for PBXProject "Maps Project" */ = {
			isa = XCConfigurationList;
			buildConfigurations = (
				370871051CC558CB00C35454 /* Debug */,
				370871061CC558CB00C35454 /* Release */,
			);
			defaultConfigurationIsVisible = 0;
			defaultConfigurationName = Release;
		};
		370871071CC558CB00C35454 /* Build configuration list for PBXNativeTarget "Maps Project" */ = {
			isa = XCConfigurationList;
			buildConfigurations = (
				370871081CC558CB00C35454 /* Debug */,
				370871091CC558CB00C35454 /* Release */,
			);
			defaultConfigurationIsVisible = 0;
		};
/* End XCConfigurationList section */
	};
	rootObject = 370870ED1CC558CB00C35454 /* Project object */;
}
