PODS:
  - Alamofire (3.2.0)
  - Spring (1.0.3)

DEPENDENCIES:
  - Alamofire (~> 3.2)
  - Spring (from `https://github.com/MengTo/Spring.git`, branch `master`)

EXTERNAL SOURCES:
  Spring:
    :branch: master
    :git: https://github.com/MengTo/Spring.git

CHECKOUT OPTIONS:
  Spring:
    :commit: 266690fb6c072f6fdadf8a2a7cb2e148acb5aa4c
    :git: https://github.com/MengTo/Spring.git

SPEC CHECKSUMS:
  Alamofire: 4da478599fccddff361205c8929333d7fe18dceb
  Spring: 3f02b5dc3308572ef177b3cad0fa7bbc4b0706f7

COCOAPODS: 0.39.0
