// !$*UTF8*$!
{
	archiveVersion = 1;
	classes = {
	};
	objectVersion = 46;
	objects = {

/* Begin PBXBuildFile section */
		371E08111CACD9D800D28607 /* AppDelegate.swift in Sources */ = {isa = PBXBuildFile; fileRef = 371E08101CACD9D800D28607 /* AppDelegate.swift */; };
		371E08131CACD9D800D28607 /* ViewController.swift in Sources */ = {isa = PBXBuildFile; fileRef = 371E08121CACD9D800D28607 /* ViewController.swift */; };
		371E08161CACD9D800D28607 /* Main.storyboard in Resources */ = {isa = PBXBuildFile; fileRef = 371E08141CACD9D800D28607 /* Main.storyboard */; };
		371E08181CACD9D800D28607 /* Assets.xcassets in Resources */ = {isa = PBXBuildFile; fileRef = 371E08171CACD9D800D28607 /* Assets.xcassets */; };
		371E081B1CACD9D800D28607 /* LaunchScreen.storyboard in Resources */ = {isa = PBXBuildFile; fileRef = 371E08191CACD9D800D28607 /* LaunchScreen.storyboard */; };
		371E08231CACDA1D00D28607 /* JAScrollView.swift in Sources */ = {isa = PBXBuildFile; fileRef = 371E08221CACDA1D00D28607 /* JAScrollView.swift */; };
/* End PBXBuildFile section */

/* Begin PBXFileReference section */
		371E080D1CACD9D700D28607 /* EndlesslyPagingUIScrollView.app */ = {isa = PBXFileReference; explicitFileType = wrapper.application; includeInIndex = 0; path = EndlesslyPagingUIScrollView.app; sourceTree = BUILT_PRODUCTS_DIR; };
		371E08101CACD9D800D28607 /* AppDelegate.swift */ = {isa = PBXFileReference; lastKnownFileType = sourcecode.swift; path = AppDelegate.swift; sourceTree = "<group>"; };
		371E08121CACD9D800D28607 /* ViewController.swift */ = {isa = PBXFileReference; lastKnownFileType = sourcecode.swift; path = ViewController.swift; sourceTree = "<group>"; };
		371E08151CACD9D800D28607 /* Base */ = {isa = PBXFileReference; lastKnownFileType = file.storyboard; name = Base; path = Base.lproj/Main.storyboard; sourceTree = "<group>"; };
		371E08171CACD9D800D28607 /* Assets.xcassets */ = {isa = PBXFileReference; lastKnownFileType = folder.assetcatalog; path = Assets.xcassets; sourceTree = "<group>"; };
		371E081A1CACD9D800D28607 /* Base */ = {isa = PBXFileReference; lastKnownFileType = file.storyboard; name = Base; path = Base.lproj/LaunchScreen.storyboard; sourceTree = "<group>"; };
		371E081C1CACD9D800D28607 /* Info.plist */ = {isa = PBXFileReference; lastKnownFileType = text.plist.xml; path = Info.plist; sourceTree = "<group>"; };
		371E08221CACDA1D00D28607 /* JAScrollView.swift */ = {isa = PBXFileReference; fileEncoding = 4; lastKnownFileType = sourcecode.swift; path = JAScrollView.swift; sourceTree = "<group>"; };
/* End PBXFileReference section */

/* Begin PBXFrameworksBuildPhase section */
		371E080A1CACD9D700D28607 /* Frameworks */ = {
			isa = PBXFrameworksBuildPhase;
			buildActionMask = 2147483647;
			files = (
			);
			runOnlyForDeploymentPostprocessing = 0;
		};
/* End PBXFrameworksBuildPhase section */

/* Begin PBXGroup section */
		371E08041CACD9D700D28607 = {
			isa = PBXGroup;
			children = (
				371E080F1CACD9D800D28607 /* EndlesslyPagingUIScrollView */,
				371E080E1CACD9D700D28607 /* Products */,
			);
			sourceTree = "<group>";
		};
		371E080E1CACD9D700D28607 /* Products */ = {
			isa = PBXGroup;
			children = (
				371E080D1CACD9D700D28607 /* EndlesslyPagingUIScrollView.app */,
			);
			name = Products;
			sourceTree = "<group>";
		};
		371E080F1CACD9D800D28607 /* EndlesslyPagingUIScrollView */ = {
			isa = PBXGroup;
			children = (
				371E08101CACD9D800D28607 /* AppDelegate.swift */,
				371E08121CACD9D800D28607 /* ViewController.swift */,
				371E08141CACD9D800D28607 /* Main.storyboard */,
				371E08171CACD9D800D28607 /* Assets.xcassets */,
				371E08191CACD9D800D28607 /* LaunchScreen.storyboard */,
				371E081C1CACD9D800D28607 /* Info.plist */,
				371E08221CACDA1D00D28607 /* JAScrollView.swift */,
			);
			path = EndlesslyPagingUIScrollView;
			sourceTree = "<group>";
		};
/* End PBXGroup section */

/* Begin PBXNativeTarget section */
		371E080C1CACD9D700D28607 /* EndlesslyPagingUIScrollView */ = {
			isa = PBXNativeTarget;
			buildConfigurationList = 371E081F1CACD9D800D28607 /* Build configuration list for PBXNativeTarget "EndlesslyPagingUIScrollView" */;
			buildPhases = (
				371E08091CACD9D700D28607 /* Sources */,
				371E080A1CACD9D700D28607 /* Frameworks */,
				371E080B1CACD9D700D28607 /* Resources */,
			);
			buildRules = (
			);
			dependencies = (
			);
			name = EndlesslyPagingUIScrollView;
			productName = EndlesslyPagingUIScrollView;
			productReference = 371E080D1CACD9D700D28607 /* EndlesslyPagingUIScrollView.app */;
			productType = "com.apple.product-type.application";
		};
/* End PBXNativeTarget section */

/* Begin PBXProject section */
		371E08051CACD9D700D28607 /* Project object */ = {
			isa = PBXProject;
			attributes = {
				LastSwiftUpdateCheck = 0730;
				LastUpgradeCheck = 0730;
				ORGANIZATIONNAME = varyag00;
				TargetAttributes = {
					371E080C1CACD9D700D28607 = {
						CreatedOnToolsVersion = 7.3;
					};
				};
			};
			buildConfigurationList = 371E08081CACD9D700D28607 /* Build configuration list for PBXProject "EndlesslyPagingUIScrollView" */;
			compatibilityVersion = "Xcode 3.2";
			developmentRegion = English;
			hasScannedForEncodings = 0;
			knownRegions = (
				en,
				Base,
			);
			mainGroup = 371E08041CACD9D700D28607;
			productRefGroup = 371E080E1CACD9D700D28607 /* Products */;
			projectDirPath = "";
			projectRoot = "";
			targets = (
				371E080C1CACD9D700D28607 /* EndlesslyPagingUIScrollView */,
			);
		};
/* End PBXProject section */

/* Begin PBXResourcesBuildPhase section */
		371E080B1CACD9D700D28607 /* Resources */ = {
			isa = PBXResourcesBuildPhase;
			buildActionMask = 2147483647;
			files = (
				371E081B1CACD9D800D28607 /* LaunchScreen.storyboard in Resources */,
				371E08181CACD9D800D28607 /* Assets.xcassets in Resources */,
				371E08161CACD9D800D28607 /* Main.storyboard in Resources */,
			);
			runOnlyForDeploymentPostprocessing = 0;
		};
/* End PBXResourcesBuildPhase section */

/* Begin PBXSourcesBuildPhase section */
		371E08091CACD9D700D28607 /* Sources */ = {
			isa = PBXSourcesBuildPhase;
			buildActionMask = 2147483647;
			files = (
				371E08131CACD9D800D28607 /* ViewController.swift in Sources */,
				371E08111CACD9D800D28607 /* AppDelegate.swift in Sources */,
				371E08231CACDA1D00D28607 /* JAScrollView.swift in Sources */,
			);
			runOnlyForDeploymentPostprocessing = 0;
		};
/* End PBXSourcesBuildPhase section */

/* Begin PBXVariantGroup section */
		371E08141CACD9D800D28607 /* Main.storyboard */ = {
			isa = PBXVariantGroup;
			children = (
				371E08151CACD9D800D28607 /* Base */,
			);
			name = Main.storyboard;
			sourceTree = "<group>";
		};
		371E08191CACD9D800D28607 /* LaunchScreen.storyboard */ = {
			isa = PBXVariantGroup;
			children = (
				371E081A1CACD9D800D28607 /* Base */,
			);
			name = LaunchScreen.storyboard;
			sourceTree = "<group>";
		};
/* End PBXVariantGroup section */

/* Begin XCBuildConfiguration section */
		371E081D1CACD9D800D28607 /* Debug */ = {
			isa = XCBuildConfiguration;
			buildSettings = {
				ALWAYS_SEARCH_USER_PATHS = NO;
				CLANG_ANALYZER_NONNULL = YES;
				CLANG_CXX_LANGUAGE_STANDARD = "gnu++0x";
				CLANG_CXX_LIBRARY = "libc++";
				CLANG_ENABLE_MODULES = YES;
				CLANG_ENABLE_OBJC_ARC = YES;
				CLANG_WARN_BOOL_CONVERSION = YES;
				CLANG_WARN_CONSTANT_CONVERSION = YES;
				CLANG_WARN_DIRECT_OBJC_ISA_USAGE = YES_ERROR;
				CLANG_WARN_EMPTY_BODY = YES;
				CLANG_WARN_ENUM_CONVERSION = YES;
				CLANG_WARN_INT_CONVERSION = YES;
				CLANG_WARN_OBJC_ROOT_CLASS = YES_ERROR;
				CLANG_WARN_UNREACHABLE_CODE = YES;
				CLANG_WARN__DUPLICATE_METHOD_MATCH = YES;
				"CODE_SIGN_IDENTITY[sdk=iphoneos*]" = "iPhone Developer";
				COPY_PHASE_STRIP = NO;
				DEBUG_INFORMATION_FORMAT = dwarf;
				ENABLE_STRICT_OBJC_MSGSEND = YES;
				ENABLE_TESTABILITY = YES;
				GCC_C_LANGUAGE_STANDARD = gnu99;
				GCC_DYNAMIC_NO_PIC = NO;
				GCC_NO_COMMON_BLOCKS = YES;
				GCC_OPTIMIZATION_LEVEL = 0;
				GCC_PREPROCESSOR_DEFINITIONS = (
					"DEBUG=1",
					"$(inherited)",
				);
				GCC_WARN_64_TO_32_BIT_CONVERSION = YES;
				GCC_WARN_ABOUT_RETURN_TYPE = YES_ERROR;
				GCC_WARN_UNDECLARED_SELECTOR = YES;
				GCC_WARN_UNINITIALIZED_AUTOS = YES_AGGRESSIVE;
				GCC_WARN_UNUSED_FUNCTION = YES;
				GCC_WARN_UNUSED_VARIABLE = YES;
				IPHONEOS_DEPLOYMENT_TARGET = 9.3;
				MTL_ENABLE_DEBUG_INFO = YES;
				ONLY_ACTIVE_ARCH = YES;
				SDKROOT = iphoneos;
				SWIFT_OPTIMIZATION_LEVEL = "-Onone";
			};
			name = Debug;
		};
		371E081E1CACD9D800D28607 /* Release */ = {
			isa = XCBuildConfiguration;
			buildSettings = {
				ALWAYS_SEARCH_USER_PATHS = NO;
				CLANG_ANALYZER_NONNULL = YES;
				CLANG_CXX_LANGUAGE_STANDARD = "gnu++0x";
				CLANG_CXX_LIBRARY = "libc++";
				CLANG_ENABLE_MODULES = YES;
				CLANG_ENABLE_OBJC_ARC = YES;
				CLANG_WARN_BOOL_CONVERSION = YES;
				CLANG_WARN_CONSTANT_CONVERSION = YES;
				CLANG_WARN_DIRECT_OBJC_ISA_USAGE = YES_ERROR;
				CLANG_WARN_EMPTY_BODY = YES;
				CLANG_WARN_ENUM_CONVERSION = YES;
				CLANG_WARN_INT_CONVERSION = YES;
				CLANG_WARN_OBJC_ROOT_CLASS = YES_ERROR;
				CLANG_WARN_UNREACHABLE_CODE = YES;
				CLANG_WARN__DUPLICATE_METHOD_MATCH = YES;
				"CODE_SIGN_IDENTITY[sdk=iphoneos*]" = "iPhone Developer";
				COPY_PHASE_STRIP = NO;
				DEBUG_INFORMATION_FORMAT = "dwarf-with-dsym";
				ENABLE_NS_ASSERTIONS = NO;
				ENABLE_STRICT_OBJC_MSGSEND = YES;
				GCC_C_LANGUAGE_STANDARD = gnu99;
				GCC_NO_COMMON_BLOCKS = YES;
				GCC_WARN_64_TO_32_BIT_CONVERSION = YES;
				GCC_WARN_ABOUT_RETURN_TYPE = YES_ERROR;
				GCC_WARN_UNDECLARED_SELECTOR = YES;
				GCC_WARN_UNINITIALIZED_AUTOS = YES_AGGRESSIVE;
				GCC_WARN_UNUSED_FUNCTION = YES;
				GCC_WARN_UNUSED_VARIABLE = YES;
				IPHONEOS_DEPLOYMENT_TARGET = 9.3;
				MTL_ENABLE_DEBUG_INFO = NO;
				SDKROOT = iphoneos;
				VALIDATE_PRODUCT = YES;
			};
			name = Release;
		};
		371E08201CACD9D800D28607 /* Debug */ = {
			isa = XCBuildConfiguration;
			buildSettings = {
				ASSETCATALOG_COMPILER_APPICON_NAME = AppIcon;
				INFOPLIST_FILE = EndlesslyPagingUIScrollView/Info.plist;
				LD_RUNPATH_SEARCH_PATHS = "$(inherited) @executable_path/Frameworks";
				PRODUCT_BUNDLE_IDENTIFIER = com.varyag00.EndlesslyPagingUIScrollView;
				PRODUCT_NAME = "$(TARGET_NAME)";
			};
			name = Debug;
		};
		371E08211CACD9D800D28607 /* Release */ = {
			isa = XCBuildConfiguration;
			buildSettings = {
				ASSETCATALOG_COMPILER_APPICON_NAME = AppIcon;
				INFOPLIST_FILE = EndlesslyPagingUIScrollView/Info.plist;
				LD_RUNPATH_SEARCH_PATHS = "$(inherited) @executable_path/Frameworks";
				PRODUCT_BUNDLE_IDENTIFIER = com.varyag00.EndlesslyPagingUIScrollView;
				PRODUCT_NAME = "$(TARGET_NAME)";
			};
			name = Release;
		};
/* End XCBuildConfiguration section */

/* Begin XCConfigurationList section */
		371E08081CACD9D700D28607 /* Build configuration list for PBXProject "EndlesslyPagingUIScrollView" */ = {
			isa = XCConfigurationList;
			buildConfigurations = (
				371E081D1CACD9D800D28607 /* Debug */,
				371E081E1CACD9D800D28607 /* Release */,
			);
			defaultConfigurationIsVisible = 0;
			defaultConfigurationName = Release;
		};
		371E081F1CACD9D800D28607 /* Build configuration list for PBXNativeTarget "EndlesslyPagingUIScrollView" */ = {
			isa = XCConfigurationList;
			buildConfigurations = (
				371E08201CACD9D800D28607 /* Debug */,
				371E08211CACD9D800D28607 /* Release */,
			);
			defaultConfigurationIsVisible = 0;
		};
/* End XCConfigurationList section */
	};
	rootObject = 371E08051CACD9D700D28607 /* Project object */;
}
