// !$*UTF8*$!
{
	archiveVersion = 1;
	classes = {
	};
	objectVersion = 46;
	objects = {

/* Begin PBXBuildFile section */
		375104111C699FEE0026E2EB /* AppDelegate.swift in Sources */ = {isa = PBXBuildFile; fileRef = 375104101C699FEE0026E2EB /* AppDelegate.swift */; };
		375104131C699FEE0026E2EB /* ViewController.swift in Sources */ = {isa = PBXBuildFile; fileRef = 375104121C699FEE0026E2EB /* ViewController.swift */; };
		375104161C699FEE0026E2EB /* Main.storyboard in Resources */ = {isa = PBXBuildFile; fileRef = 375104141C699FEE0026E2EB /* Main.storyboard */; };
		375104181C699FEE0026E2EB /* Assets.xcassets in Resources */ = {isa = PBXBuildFile; fileRef = 375104171C699FEE0026E2EB /* Assets.xcassets */; };
		3751041B1C699FEE0026E2EB /* LaunchScreen.storyboard in Resources */ = {isa = PBXBuildFile; fileRef = 375104191C699FEE0026E2EB /* LaunchScreen.storyboard */; };
/* End PBXBuildFile section */

/* Begin PBXFileReference section */
		3751040D1C699FEE0026E2EB /* WeatherForecastTest.app */ = {isa = PBXFileReference; explicitFileType = wrapper.application; includeInIndex = 0; path = WeatherForecastTest.app; sourceTree = BUILT_PRODUCTS_DIR; };
		375104101C699FEE0026E2EB /* AppDelegate.swift */ = {isa = PBXFileReference; lastKnownFileType = sourcecode.swift; path = AppDelegate.swift; sourceTree = "<group>"; };
		375104121C699FEE0026E2EB /* ViewController.swift */ = {isa = PBXFileReference; lastKnownFileType = sourcecode.swift; path = ViewController.swift; sourceTree = "<group>"; };
		375104151C699FEE0026E2EB /* Base */ = {isa = PBXFileReference; lastKnownFileType = file.storyboard; name = Base; path = Base.lproj/Main.storyboard; sourceTree = "<group>"; };
		375104171C699FEE0026E2EB /* Assets.xcassets */ = {isa = PBXFileReference; lastKnownFileType = folder.assetcatalog; path = Assets.xcassets; sourceTree = "<group>"; };
		3751041A1C699FEE0026E2EB /* Base */ = {isa = PBXFileReference; lastKnownFileType = file.storyboard; name = Base; path = Base.lproj/LaunchScreen.storyboard; sourceTree = "<group>"; };
		3751041C1C699FEE0026E2EB /* Info.plist */ = {isa = PBXFileReference; lastKnownFileType = text.plist.xml; path = Info.plist; sourceTree = "<group>"; };
/* End PBXFileReference section */

/* Begin PBXFrameworksBuildPhase section */
		3751040A1C699FEE0026E2EB /* Frameworks */ = {
			isa = PBXFrameworksBuildPhase;
			buildActionMask = 2147483647;
			files = (
			);
			runOnlyForDeploymentPostprocessing = 0;
		};
/* End PBXFrameworksBuildPhase section */

/* Begin PBXGroup section */
		375104041C699FEE0026E2EB = {
			isa = PBXGroup;
			children = (
				3751040F1C699FEE0026E2EB /* WeatherForecastTest */,
				3751040E1C699FEE0026E2EB /* Products */,
			);
			sourceTree = "<group>";
		};
		3751040E1C699FEE0026E2EB /* Products */ = {
			isa = PBXGroup;
			children = (
				3751040D1C699FEE0026E2EB /* WeatherForecastTest.app */,
			);
			name = Products;
			sourceTree = "<group>";
		};
		3751040F1C699FEE0026E2EB /* WeatherForecastTest */ = {
			isa = PBXGroup;
			children = (
				375104101C699FEE0026E2EB /* AppDelegate.swift */,
				375104121C699FEE0026E2EB /* ViewController.swift */,
				375104141C699FEE0026E2EB /* Main.storyboard */,
				375104171C699FEE0026E2EB /* Assets.xcassets */,
				375104191C699FEE0026E2EB /* LaunchScreen.storyboard */,
				3751041C1C699FEE0026E2EB /* Info.plist */,
			);
			path = WeatherForecastTest;
			sourceTree = "<group>";
		};
/* End PBXGroup section */

/* Begin PBXNativeTarget section */
		3751040C1C699FEE0026E2EB /* WeatherForecastTest */ = {
			isa = PBXNativeTarget;
			buildConfigurationList = 3751041F1C699FEE0026E2EB /* Build configuration list for PBXNativeTarget "WeatherForecastTest" */;
			buildPhases = (
				375104091C699FEE0026E2EB /* Sources */,
				3751040A1C699FEE0026E2EB /* Frameworks */,
				3751040B1C699FEE0026E2EB /* Resources */,
			);
			buildRules = (
			);
			dependencies = (
			);
			name = WeatherForecastTest;
			productName = WeatherForecastTest;
			productReference = 3751040D1C699FEE0026E2EB /* WeatherForecastTest.app */;
			productType = "com.apple.product-type.application";
		};
/* End PBXNativeTarget section */

/* Begin PBXProject section */
		375104051C699FEE0026E2EB /* Project object */ = {
			isa = PBXProject;
			attributes = {
				LastSwiftUpdateCheck = 0720;
				LastUpgradeCheck = 0720;
				ORGANIZATIONNAME = varyag00;
				TargetAttributes = {
					3751040C1C699FEE0026E2EB = {
						CreatedOnToolsVersion = 7.2;
					};
				};
			};
			buildConfigurationList = 375104081C699FEE0026E2EB /* Build configuration list for PBXProject "WeatherForecastTest" */;
			compatibilityVersion = "Xcode 3.2";
			developmentRegion = English;
			hasScannedForEncodings = 0;
			knownRegions = (
				en,
				Base,
			);
			mainGroup = 375104041C699FEE0026E2EB;
			productRefGroup = 3751040E1C699FEE0026E2EB /* Products */;
			projectDirPath = "";
			projectRoot = "";
			targets = (
				3751040C1C699FEE0026E2EB /* WeatherForecastTest */,
			);
		};
/* End PBXProject section */

/* Begin PBXResourcesBuildPhase section */
		3751040B1C699FEE0026E2EB /* Resources */ = {
			isa = PBXResourcesBuildPhase;
			buildActionMask = 2147483647;
			files = (
				3751041B1C699FEE0026E2EB /* LaunchScreen.storyboard in Resources */,
				375104181C699FEE0026E2EB /* Assets.xcassets in Resources */,
				375104161C699FEE0026E2EB /* Main.storyboard in Resources */,
			);
			runOnlyForDeploymentPostprocessing = 0;
		};
/* End PBXResourcesBuildPhase section */

/* Begin PBXSourcesBuildPhase section */
		375104091C699FEE0026E2EB /* Sources */ = {
			isa = PBXSourcesBuildPhase;
			buildActionMask = 2147483647;
			files = (
				375104131C699FEE0026E2EB /* ViewController.swift in Sources */,
				375104111C699FEE0026E2EB /* AppDelegate.swift in Sources */,
			);
			runOnlyForDeploymentPostprocessing = 0;
		};
/* End PBXSourcesBuildPhase section */

/* Begin PBXVariantGroup section */
		375104141C699FEE0026E2EB /* Main.storyboard */ = {
			isa = PBXVariantGroup;
			children = (
				375104151C699FEE0026E2EB /* Base */,
			);
			name = Main.storyboard;
			sourceTree = "<group>";
		};
		375104191C699FEE0026E2EB /* LaunchScreen.storyboard */ = {
			isa = PBXVariantGroup;
			children = (
				3751041A1C699FEE0026E2EB /* Base */,
			);
			name = LaunchScreen.storyboard;
			sourceTree = "<group>";
		};
/* End PBXVariantGroup section */

/* Begin XCBuildConfiguration section */
		3751041D1C699FEE0026E2EB /* Debug */ = {
			isa = XCBuildConfiguration;
			buildSettings = {
				ALWAYS_SEARCH_USER_PATHS = NO;
				CLANG_CXX_LANGUAGE_STANDARD = "gnu++0x";
				CLANG_CXX_LIBRARY = "libc++";
				CLANG_ENABLE_MODULES = YES;
				CLANG_ENABLE_OBJC_ARC = YES;
				CLANG_WARN_BOOL_CONVERSION = YES;
				CLANG_WARN_CONSTANT_CONVERSION = YES;
				CLANG_WARN_DIRECT_OBJC_ISA_USAGE = YES_ERROR;
				CLANG_WARN_EMPTY_BODY = YES;
				CLANG_WARN_ENUM_CONVERSION = YES;
				CLANG_WARN_INT_CONVERSION = YES;
				CLANG_WARN_OBJC_ROOT_CLASS = YES_ERROR;
				CLANG_WARN_UNREACHABLE_CODE = YES;
				CLANG_WARN__DUPLICATE_METHOD_MATCH = YES;
				"CODE_SIGN_IDENTITY[sdk=iphoneos*]" = "iPhone Developer";
				COPY_PHASE_STRIP = NO;
				DEBUG_INFORMATION_FORMAT = dwarf;
				ENABLE_STRICT_OBJC_MSGSEND = YES;
				ENABLE_TESTABILITY = YES;
				GCC_C_LANGUAGE_STANDARD = gnu99;
				GCC_DYNAMIC_NO_PIC = NO;
				GCC_NO_COMMON_BLOCKS = YES;
				GCC_OPTIMIZATION_LEVEL = 0;
				GCC_PREPROCESSOR_DEFINITIONS = (
					"DEBUG=1",
					"$(inherited)",
				);
				GCC_WARN_64_TO_32_BIT_CONVERSION = YES;
				GCC_WARN_ABOUT_RETURN_TYPE = YES_ERROR;
				GCC_WARN_UNDECLARED_SELECTOR = YES;
				GCC_WARN_UNINITIALIZED_AUTOS = YES_AGGRESSIVE;
				GCC_WARN_UNUSED_FUNCTION = YES;
				GCC_WARN_UNUSED_VARIABLE = YES;
				IPHONEOS_DEPLOYMENT_TARGET = 9.2;
				MTL_ENABLE_DEBUG_INFO = YES;
				ONLY_ACTIVE_ARCH = YES;
				SDKROOT = iphoneos;
				SWIFT_OPTIMIZATION_LEVEL = "-Onone";
			};
			name = Debug;
		};
		3751041E1C699FEE0026E2EB /* Release */ = {
			isa = XCBuildConfiguration;
			buildSettings = {
				ALWAYS_SEARCH_USER_PATHS = NO;
				CLANG_CXX_LANGUAGE_STANDARD = "gnu++0x";
				CLANG_CXX_LIBRARY = "libc++";
				CLANG_ENABLE_MODULES = YES;
				CLANG_ENABLE_OBJC_ARC = YES;
				CLANG_WARN_BOOL_CONVERSION = YES;
				CLANG_WARN_CONSTANT_CONVERSION = YES;
				CLANG_WARN_DIRECT_OBJC_ISA_USAGE = YES_ERROR;
				CLANG_WARN_EMPTY_BODY = YES;
				CLANG_WARN_ENUM_CONVERSION = YES;
				CLANG_WARN_INT_CONVERSION = YES;
				CLANG_WARN_OBJC_ROOT_CLASS = YES_ERROR;
				CLANG_WARN_UNREACHABLE_CODE = YES;
				CLANG_WARN__DUPLICATE_METHOD_MATCH = YES;
				"CODE_SIGN_IDENTITY[sdk=iphoneos*]" = "iPhone Developer";
				COPY_PHASE_STRIP = NO;
				DEBUG_INFORMATION_FORMAT = "dwarf-with-dsym";
				ENABLE_NS_ASSERTIONS = NO;
				ENABLE_STRICT_OBJC_MSGSEND = YES;
				GCC_C_LANGUAGE_STANDARD = gnu99;
				GCC_NO_COMMON_BLOCKS = YES;
				GCC_WARN_64_TO_32_BIT_CONVERSION = YES;
				GCC_WARN_ABOUT_RETURN_TYPE = YES_ERROR;
				GCC_WARN_UNDECLARED_SELECTOR = YES;
				GCC_WARN_UNINITIALIZED_AUTOS = YES_AGGRESSIVE;
				GCC_WARN_UNUSED_FUNCTION = YES;
				GCC_WARN_UNUSED_VARIABLE = YES;
				IPHONEOS_DEPLOYMENT_TARGET = 9.2;
				MTL_ENABLE_DEBUG_INFO = NO;
				SDKROOT = iphoneos;
				VALIDATE_PRODUCT = YES;
			};
			name = Release;
		};
		375104201C699FEE0026E2EB /* Debug */ = {
			isa = XCBuildConfiguration;
			buildSettings = {
				ASSETCATALOG_COMPILER_APPICON_NAME = AppIcon;
				INFOPLIST_FILE = WeatherForecastTest/Info.plist;
				LD_RUNPATH_SEARCH_PATHS = "$(inherited) @executable_path/Frameworks";
				PRODUCT_BUNDLE_IDENTIFIER = com.varyag00.WeatherForecastTest;
				PRODUCT_NAME = "$(TARGET_NAME)";
			};
			name = Debug;
		};
		375104211C699FEE0026E2EB /* Release */ = {
			isa = XCBuildConfiguration;
			buildSettings = {
				ASSETCATALOG_COMPILER_APPICON_NAME = AppIcon;
				INFOPLIST_FILE = WeatherForecastTest/Info.plist;
				LD_RUNPATH_SEARCH_PATHS = "$(inherited) @executable_path/Frameworks";
				PRODUCT_BUNDLE_IDENTIFIER = com.varyag00.WeatherForecastTest;
				PRODUCT_NAME = "$(TARGET_NAME)";
			};
			name = Release;
		};
/* End XCBuildConfiguration section */

/* Begin XCConfigurationList section */
		375104081C699FEE0026E2EB /* Build configuration list for PBXProject "WeatherForecastTest" */ = {
			isa = XCConfigurationList;
			buildConfigurations = (
				3751041D1C699FEE0026E2EB /* Debug */,
				3751041E1C699FEE0026E2EB /* Release */,
			);
			defaultConfigurationIsVisible = 0;
			defaultConfigurationName = Release;
		};
		3751041F1C699FEE0026E2EB /* Build configuration list for PBXNativeTarget "WeatherForecastTest" */ = {
			isa = XCConfigurationList;
			buildConfigurations = (
				375104201C699FEE0026E2EB /* Debug */,
				375104211C699FEE0026E2EB /* Release */,
			);
			defaultConfigurationIsVisible = 0;
		};
/* End XCConfigurationList section */
	};
	rootObject = 375104051C699FEE0026E2EB /* Project object */;
}
